{
    "_readme": [
        "This file locks the dependencies of your project to a known state",
        "Read more about it at https://getcomposer.org/doc/01-basic-usage.md#installing-dependencies",
        "This file is @generated automatically"
    ],
    "content-hash": "f8da8d4e95b453698819dd881e3353a0",
    "packages": [
        {
            "name": "xemlock/php-latex",
            "version": "dev-master",
            "source": {
                "type": "git",
                "url": "https://github.com/xemlock/php-latex.git",
                "reference": "5b1a3d2d6767303671049efb6de42dc1a3a8ba86"
            },
            "dist": {
                "type": "zip",
                "url": "https://api.github.com/repos/xemlock/php-latex/zipball/5b1a3d2d6767303671049efb6de42dc1a3a8ba86",
                "reference": "5b1a3d2d6767303671049efb6de42dc1a3a8ba86",
                "shasum": ""
            },
            "require": {
                "ext-dom": "*",
                "php": ">=5.3.0"
            },
            "require-dev": {
                "phpunit/phpunit": "5.*"
            },
            "type": "library",
            "autoload": {
                "psr-0": {
                    "PhpLatex_": "library"
                }
            },
            "notification-url": "https://packagist.org/downloads/",
            "license": [
                "MIT"
            ],
            "authors": [
                {
                    "name": "xemlock",
                    "email": "xemlock@gmail.com"
                }
            ],
            "description": "LaTeX parser and renderer",
            "time": "2020-09-20T20:56:30+00:00"
        }
    ],
    "packages-dev": [],
    "aliases": [],
    "minimum-stability": "stable",
    "stability-flags": {
        "xemlock/php-latex": 20
    },
    "prefer-stable": false,
    "prefer-lowest": false,
    "platform": [],
    "platform-dev": [],
    "plugin-api-version": "1.1.0"
}
